{
  "name": "frontend",
  "lockfileVersion": 3,
  "requires": true,
  "packages": {
    "": {
      "dependencies": {
        "dhtmlx-scheduler": "^7.2.9"
      }
    },
    "node_modules/dhtmlx-scheduler": {
      "version": "7.2.9",
      "resolved": "https://registry.npmjs.org/dhtmlx-scheduler/-/dhtmlx-scheduler-7.2.9.tgz",
      "integrity": "sha512-MxnTY4BauU23rl1PWBAg4Moe30Rd61+y/DiN1VPVV1qU7+vX/Duank4CNzyrH8uU0l38LIkKLxF+jty8lUXWVA==",
      "license": "GPL-2.0"
    }
  }
}
